{
  "requires": true,
  "lockfileVersion": 1,
  "dependencies": {
    "highlight.js": {
      "version": "9.13.0",
      "resolved": "https://registry.npmjs.org/highlight.js/-/highlight.js-9.13.0.tgz",
      "integrity": "sha512-2B90kcNnErqRTmzdZw6IPLEC9CdsiIMhj+r8L3LJKRCgtEJ+LY5yzWuQCVnADTI0wwocQinFzaaL/JjTQNqI/g=="
    },
    "highlighter": {
      "version": "0.1.0",
      "resolved": "https://registry.npmjs.org/highlighter/-/highlighter-0.1.0.tgz",
      "integrity": "sha1-B6QUC65Qqzx/8Zjy0JSziSDMq7I=",
      "requires": {
        "highlight.js": "^9.7.0"
      }
    }
  }
}
