# THIS IS AN AUTOGENERATED FILE. DO NOT EDIT THIS FILE DIRECTLY.
# yarn lockfile v1


"argparse@^1.0.7":
  "integrity" "sha512-o5Roy6tNG4SL/FOkCAN6RzjiakZS25RLYFrcMttJqbdd8BWrnA+fGz57iN5Pb06pvBGvl5gQ0B48dJlslXvoTg=="
  "resolved" "https://registry.npmjs.org/argparse/-/argparse-1.0.10.tgz"
  "version" "1.0.10"
  dependencies:
    "sprintf-js" "~1.0.2"

"async@~0.2.6":
  "integrity" "sha1-trvgsGdLnXGXCMo43owjfLUmw9E="
  "resolved" "https://registry.npmjs.org/async/-/async-0.2.10.tgz"
  "version" "0.2.10"

"commander@~2.20.3":
  "integrity" "sha512-GpVkmM8vF2vQUkj2LvZmD35JxeJOLCwJ9cUkugyk2nuhbv3+mJvpLYYt+0+USMxE+oj+ey/lJEnhZw75x/OMcQ=="
  "resolved" "https://registry.npmjs.org/commander/-/commander-2.20.3.tgz"
  "version" "2.20.3"

"concat-files@^0.1.1":
  "integrity" "sha1-cBauYCeLo/awtWE2j6IRFg5VbbU="
  "resolved" "https://registry.npmjs.org/concat-files/-/concat-files-0.1.1.tgz"
  "version" "0.1.1"
  dependencies:
    "async" "~0.2.6"

"entities@~2.0.0":
  "integrity" "sha512-D9f7V0JSRwIxlRI2mjMqufDrRDnx8p+eEOz7aUM9SuvF8gsBzra0/6tbjl1m8eQHrZlYj6PxqE00hZ1SAIKPLw=="
  "resolved" "https://registry.npmjs.org/entities/-/entities-2.0.0.tgz"
  "version" "2.0.0"

"exec-sh@^0.2.0":
  "integrity" "sha512-FIUCJz1RbuS0FKTdaAafAByGS0CPvU3R0MeHxgtl+djzCc//F8HakL8GzmVNZanasTbTAY/3DRFA0KpVqj/eAw=="
  "resolved" "https://registry.npmjs.org/exec-sh/-/exec-sh-0.2.2.tgz"
  "version" "0.2.2"
  dependencies:
    "merge" "^1.2.0"

"fs-extra@^8.1.0":
  "integrity" "sha512-yhlQgA6mnOJUKOsRUFsgJdQCvkKhcz8tlZG5HBQfReYZy46OwLcY+Zia0mtdHsOo9y/hP+CxMN0TU9QxoOtG4g=="
  "resolved" "https://registry.npmjs.org/fs-extra/-/fs-extra-8.1.0.tgz"
  "version" "8.1.0"
  dependencies:
    "graceful-fs" "^4.2.0"
    "jsonfile" "^4.0.0"
    "universalify" "^0.1.0"

"graceful-fs@^4.1.6", "graceful-fs@^4.2.0":
  "integrity" "sha512-IItsdsea19BoLC7ELy13q1iJFNmd7ofZH5+X/pJr90/nRoPEX0DJo1dHDbgtYWOhJhcCgMDTOw84RZ72q6lB+Q=="
  "resolved" "https://registry.npmjs.org/graceful-fs/-/graceful-fs-4.2.2.tgz"
  "version" "4.2.2"

"handlebars@^4.7.6":
  "integrity" "sha512-1f2BACcBfiwAfStCKZNrUCgqNZkGsAT7UM3kkYtXuLo0KnaVfjKOyf7PRzB6++aK9STyT1Pd2ZCPe3EGOXleXA=="
  "resolved" "https://registry.npmjs.org/handlebars/-/handlebars-4.7.6.tgz"
  "version" "4.7.6"
  dependencies:
    "minimist" "^1.2.5"
    "neo-async" "^2.6.0"
    "source-map" "^0.6.1"
    "uglify-js" "^3.1.4"
    "wordwrap" "^1.0.0"

"jsonfile@^4.0.0":
  "integrity" "sha1-h3Gq4HmbZAdrdmQPygWPnBDjPss="
  "resolved" "https://registry.npmjs.org/jsonfile/-/jsonfile-4.0.0.tgz"
  "version" "4.0.0"
  dependencies:
    "graceful-fs" "^4.1.6"

"linkify-it@^2.0.0":
  "integrity" "sha512-GnAl/knGn+i1U/wjBz3akz2stz+HrHLsxMwHQGofCDfPvlf+gDKN58UtfmUquTY4/MXeE2x7k19KQmeoZi94Iw=="
  "resolved" "https://registry.npmjs.org/linkify-it/-/linkify-it-2.2.0.tgz"
  "version" "2.2.0"
  dependencies:
    "uc.micro" "^1.0.1"

"markdown-it@^10.0.0":
  "integrity" "sha512-YWOP1j7UbDNz+TumYP1kpwnP0aEa711cJjrAQrzd0UXlbJfc5aAq0F/PZHjiioqDC1NKgvIMX+o+9Bk7yuM2dg=="
  "resolved" "https://registry.npmjs.org/markdown-it/-/markdown-it-10.0.0.tgz"
  "version" "10.0.0"
  dependencies:
    "argparse" "^1.0.7"
    "entities" "~2.0.0"
    "linkify-it" "^2.0.0"
    "mdurl" "^1.0.1"
    "uc.micro" "^1.0.5"

"mdurl@^1.0.1":
  "integrity" "sha1-/oWy7HWlkDfyrf7BAP1sYBdhFS4="
  "resolved" "https://registry.npmjs.org/mdurl/-/mdurl-1.0.1.tgz"
  "version" "1.0.1"

"merge@^1.2.0":
  "integrity" "sha512-VjFo4P5Whtj4vsLzsYBu5ayHhoHJ0UqNm7ibvShmbmoz7tGi0vXaoJbGdB+GmDMLUdg8DpQXEIeVDAe8MaABvQ=="
  "resolved" "https://registry.npmjs.org/merge/-/merge-1.2.1.tgz"
  "version" "1.2.1"

"minimist@^1.2.0":
  "integrity" "sha512-FM9nNUYrRBAELZQT3xeZQ7fmMOBg6nWNmJKTcgsJeaLstP/UODVpGsr5OhXhhXg6f+qtJ8uiZ+PUxkDWcgIXLw=="
  "resolved" "https://registry.npmjs.org/minimist/-/minimist-1.2.5.tgz"
  "version" "1.2.5"

"minimist@^1.2.5":
  "integrity" "sha512-FM9nNUYrRBAELZQT3xeZQ7fmMOBg6nWNmJKTcgsJeaLstP/UODVpGsr5OhXhhXg6f+qtJ8uiZ+PUxkDWcgIXLw=="
  "resolved" "https://registry.npmjs.org/minimist/-/minimist-1.2.5.tgz"
  "version" "1.2.5"

"neo-async@^2.6.0":
  "integrity" "sha512-iyam8fBuCUpWeKPGpaNMetEocMt364qkCsfL9JuhjXX6dRnguRVOfk2GZaDpPjcOKiiXCPINZC1GczQ7iTq3Zw=="
  "resolved" "https://registry.npmjs.org/neo-async/-/neo-async-2.6.1.tgz"
  "version" "2.6.1"

"source-map@^0.6.1":
  "integrity" "sha512-UjgapumWlbMhkBgzT7Ykc5YXUT46F0iKu8SGXq0bcwP5dz/h0Plj6enJqjz1Zbq2l5WaqYnrVbwWOWMyF3F47g=="
  "resolved" "https://registry.npmjs.org/source-map/-/source-map-0.6.1.tgz"
  "version" "0.6.1"

"source-map@~0.6.1":
  "integrity" "sha512-UjgapumWlbMhkBgzT7Ykc5YXUT46F0iKu8SGXq0bcwP5dz/h0Plj6enJqjz1Zbq2l5WaqYnrVbwWOWMyF3F47g=="
  "resolved" "https://registry.npmjs.org/source-map/-/source-map-0.6.1.tgz"
  "version" "0.6.1"

"spectre.css@^0.5.8":
  "integrity" "sha512-3N4WocWY+Dl6b3e5v3nsZYyp+VSDcBfGDzyyHw/H78ie9BoAhHkxmrhLxo9y8RadxYzVrPjfPdlev3hXEUzR2w=="
  "resolved" "https://registry.npmjs.org/spectre.css/-/spectre.css-0.5.8.tgz"
  "version" "0.5.8"

"sprintf-js@~1.0.2":
  "integrity" "sha1-BOaSb2YolTVPPdAVIDYzuFcpfiw="
  "resolved" "https://registry.npmjs.org/sprintf-js/-/sprintf-js-1.0.3.tgz"
  "version" "1.0.3"

"uc.micro@^1.0.1", "uc.micro@^1.0.5":
  "integrity" "sha512-8Y75pvTYkLJW2hWQHXxoqRgV7qb9B+9vFEtidML+7koHUFapnVJAZ6cKs+Qjz5Aw3aZWHMC6u0wJE3At+nSGwA=="
  "resolved" "https://registry.npmjs.org/uc.micro/-/uc.micro-1.0.6.tgz"
  "version" "1.0.6"

"uglify-js@^3.1.4", "uglify-js@^3.4.9":
  "integrity" "sha512-KfQUgOqTkLp2aZxrMbCuKCDGW9slFYu2A23A36Gs7sGzTLcRBDORdOi5E21KWHFIfkY8kzgi/Pr1cXCh0yIp5g=="
  "resolved" "https://registry.npmjs.org/uglify-js/-/uglify-js-3.6.3.tgz"
  "version" "3.6.3"
  dependencies:
    "commander" "~2.20.3"
    "source-map" "~0.6.1"

"universalify@^0.1.0":
  "integrity" "sha512-rBJeI5CXAlmy1pV+617WB9J63U6XcazHHF2f2dbJix4XzpUF0RS3Zbj0FGIOCAva5P/d/GBOYaACQ1w+0azUkg=="
  "resolved" "https://registry.npmjs.org/universalify/-/universalify-0.1.2.tgz"
  "version" "0.1.2"

"watch@^1.0.2":
  "integrity" "sha1-NApxe952Vyb6CqB9ch4BR6VR3ww="
  "resolved" "https://registry.npmjs.org/watch/-/watch-1.0.2.tgz"
  "version" "1.0.2"
  dependencies:
    "exec-sh" "^0.2.0"
    "minimist" "^1.2.0"

"wordwrap@^1.0.0":
  "integrity" "sha1-J1hIEIkUVqQXHI0CJkQa3pDLyus="
  "resolved" "https://registry.npmjs.org/wordwrap/-/wordwrap-1.0.0.tgz"
  "version" "1.0.0"
